
Microsoft Visual Studio Solution File, Format Version 12.00
# Visual Studio Version 16
VisualStudioVersion = 16.0.31205.134
MinimumVisualStudioVersion = 10.0.40219.1
Project("{FAE04EC0-301F-11D3-BF4B-00C04F79EFBC}") = "Testfall3SortierenCSharp", "Testfall3SortierenCSharp\Testfall3SortierenCSharp.csproj", "{0B7E2DE1-8D43-4F09-B5F1-642D41F013CD}"
EndProject
Global
	GlobalSection(SolutionConfigurationPlatforms) = preSolution
		Debug|Any CPU = Debug|Any CPU
		Release|Any CPU = Release|Any CPU
	EndGlobalSection
	GlobalSection(ProjectConfigurationPlatforms) = postSolution
		{0B7E2DE1-8D43-4F09-B5F1-642D41F013CD}.Debug|Any CPU.ActiveCfg = Debug|Any CPU
		{0B7E2DE1-8D43-4F09-B5F1-642D41F013CD}.Debug|Any CPU.Build.0 = Debug|Any CPU
		{0B7E2DE1-8D43-4F09-B5F1-642D41F013CD}.Release|Any CPU.ActiveCfg = Release|Any CPU
		{0B7E2DE1-8D43-4F09-B5F1-642D41F013CD}.Release|Any CPU.Build.0 = Release|Any CPU
	EndGlobalSection
	GlobalSection(SolutionProperties) = preSolution
		HideSolutionNode = FALSE
	EndGlobalSection
	GlobalSection(ExtensibilityGlobals) = postSolution
		SolutionGuid = {7BA219B8-9C76-4DAD-88BF-B87B57FE201B}
	EndGlobalSection
EndGlobal
